
Microsoft Visual Studio Solution File, Format Version 12.00
# Visual Studio 15
VisualStudioVersion = 15.0.28010.2016
MinimumVisualStudioVersion = 10.0.40219.1
Project("{FAE04EC0-301F-11D3-BF4B-00C04F79EFBC}") = "Clean Sweep", "WindowsFormsApp1\Clean Sweep.csproj", "{49BFEF31-2D50-4C10-965F-1098D09F601B}"
EndProject
Global
	GlobalSection(SolutionConfigurationPlatforms) = preSolution
		Debug|Any CPU = Debug|Any CPU
		Release|Any CPU = Release|Any CPU
	EndGlobalSection
	GlobalSection(ProjectConfigurationPlatforms) = postSolution
		{49BFEF31-2D50-4C10-965F-1098D09F601B}.Debug|Any CPU.ActiveCfg = Release|Any CPU
		{49BFEF31-2D50-4C10-965F-1098D09F601B}.Debug|Any CPU.Build.0 = Release|Any CPU
		{49BFEF31-2D50-4C10-965F-1098D09F601B}.Release|Any CPU.ActiveCfg = Release|Any CPU
		{49BFEF31-2D50-4C10-965F-1098D09F601B}.Release|Any CPU.Build.0 = Release|Any CPU
	EndGlobalSection
	GlobalSection(SolutionProperties) = preSolution
		HideSolutionNode = FALSE
	EndGlobalSection
	GlobalSection(ExtensibilityGlobals) = postSolution
		SolutionGuid = {E91A1E5B-4E0F-47F7-B55D-C37684EABACE}
	EndGlobalSection
EndGlobal
